
Microsoft Visual Studio Solution File, Format Version 12.00
# Visual Studio Version 17
VisualStudioVersion = 17.7.34031.279
MinimumVisualStudioVersion = 10.0.40219.1
Project("{FAE04EC0-301F-11D3-BF4B-00C04F79EFBC}") = "NewsletterAppMVC", "NewsletterAppMVC\NewsletterAppMVC.csproj", "{995DB88B-479C-462C-A340-DF4E57F47F66}"
EndProject
Global
	GlobalSection(SolutionConfigurationPlatforms) = preSolution
		Debug|Any CPU = Debug|Any CPU
		Release|Any CPU = Release|Any CPU
	EndGlobalSection
	GlobalSection(ProjectConfigurationPlatforms) = postSolution
		{995DB88B-479C-462C-A340-DF4E57F47F66}.Debug|Any CPU.ActiveCfg = Debug|Any CPU
		{995DB88B-479C-462C-A340-DF4E57F47F66}.Debug|Any CPU.Build.0 = Debug|Any CPU
		{995DB88B-479C-462C-A340-DF4E57F47F66}.Release|Any CPU.ActiveCfg = Release|Any CPU
		{995DB88B-479C-462C-A340-DF4E57F47F66}.Release|Any CPU.Build.0 = Release|Any CPU
	EndGlobalSection
	GlobalSection(SolutionProperties) = preSolution
		HideSolutionNode = FALSE
	EndGlobalSection
	GlobalSection(ExtensibilityGlobals) = postSolution
		SolutionGuid = {EEFC02B1-9DA9-41A1-BD49-D3FE276DD058}
	EndGlobalSection
EndGlobal
