
Microsoft Visual Studio Solution File, Format Version 12.00
# Visual Studio Version 17
VisualStudioVersion = 17.7.34024.191
MinimumVisualStudioVersion = 10.0.40219.1
Project("{FAE04EC0-301F-11D3-BF4B-00C04F79EFBC}") = "InputAssignment", "InputAssignment\InputAssignment.csproj", "{560880AC-E5EC-4A32-8C03-6CD2C013416D}"
EndProject
Global
	GlobalSection(SolutionConfigurationPlatforms) = preSolution
		Debug|Any CPU = Debug|Any CPU
		Release|Any CPU = Release|Any CPU
	EndGlobalSection
	GlobalSection(ProjectConfigurationPlatforms) = postSolution
		{560880AC-E5EC-4A32-8C03-6CD2C013416D}.Debug|Any CPU.ActiveCfg = Debug|Any CPU
		{560880AC-E5EC-4A32-8C03-6CD2C013416D}.Debug|Any CPU.Build.0 = Debug|Any CPU
		{560880AC-E5EC-4A32-8C03-6CD2C013416D}.Release|Any CPU.ActiveCfg = Release|Any CPU
		{560880AC-E5EC-4A32-8C03-6CD2C013416D}.Release|Any CPU.Build.0 = Release|Any CPU
	EndGlobalSection
	GlobalSection(SolutionProperties) = preSolution
		HideSolutionNode = FALSE
	EndGlobalSection
	GlobalSection(ExtensibilityGlobals) = postSolution
		SolutionGuid = {6723A668-189F-4CD6-9FC1-A1E2ECF7DB30}
	EndGlobalSection
EndGlobal
