
Microsoft Visual Studio Solution File, Format Version 12.00
# Visual Studio Version 17
VisualStudioVersion = 17.7.34024.191
MinimumVisualStudioVersion = 10.0.40219.1
Project("{FAE04EC0-301F-11D3-BF4B-00C04F79EFBC}") = "callingMethodsAssignment", "callingMethodsAssignment\callingMethodsAssignment.csproj", "{7D2AE5AA-CE2F-470F-B5B0-038E7F5894A4}"
EndProject
Global
	GlobalSection(SolutionConfigurationPlatforms) = preSolution
		Debug|Any CPU = Debug|Any CPU
		Release|Any CPU = Release|Any CPU
	EndGlobalSection
	GlobalSection(ProjectConfigurationPlatforms) = postSolution
		{7D2AE5AA-CE2F-470F-B5B0-038E7F5894A4}.Debug|Any CPU.ActiveCfg = Debug|Any CPU
		{7D2AE5AA-CE2F-470F-B5B0-038E7F5894A4}.Debug|Any CPU.Build.0 = Debug|Any CPU
		{7D2AE5AA-CE2F-470F-B5B0-038E7F5894A4}.Release|Any CPU.ActiveCfg = Release|Any CPU
		{7D2AE5AA-CE2F-470F-B5B0-038E7F5894A4}.Release|Any CPU.Build.0 = Release|Any CPU
	EndGlobalSection
	GlobalSection(SolutionProperties) = preSolution
		HideSolutionNode = FALSE
	EndGlobalSection
	GlobalSection(ExtensibilityGlobals) = postSolution
		SolutionGuid = {8F4EB294-1015-4C23-A4D6-6B9E30BBE11B}
	EndGlobalSection
EndGlobal
