
Microsoft Visual Studio Solution File, Format Version 12.00
# Visual Studio Version 17
VisualStudioVersion = 17.7.34031.279
MinimumVisualStudioVersion = 10.0.40219.1
Project("{FAE04EC0-301F-11D3-BF4B-00C04F79EFBC}") = "CodeFirstStudentsConsole", "CodeFirstStudentsConsole\CodeFirstStudentsConsole.csproj", "{7CD1F9BD-C259-41B9-A01B-E4E0D20CEF69}"
EndProject
Global
	GlobalSection(SolutionConfigurationPlatforms) = preSolution
		Debug|Any CPU = Debug|Any CPU
		Release|Any CPU = Release|Any CPU
	EndGlobalSection
	GlobalSection(ProjectConfigurationPlatforms) = postSolution
		{7CD1F9BD-C259-41B9-A01B-E4E0D20CEF69}.Debug|Any CPU.ActiveCfg = Debug|Any CPU
		{7CD1F9BD-C259-41B9-A01B-E4E0D20CEF69}.Debug|Any CPU.Build.0 = Debug|Any CPU
		{7CD1F9BD-C259-41B9-A01B-E4E0D20CEF69}.Release|Any CPU.ActiveCfg = Release|Any CPU
		{7CD1F9BD-C259-41B9-A01B-E4E0D20CEF69}.Release|Any CPU.Build.0 = Release|Any CPU
	EndGlobalSection
	GlobalSection(SolutionProperties) = preSolution
		HideSolutionNode = FALSE
	EndGlobalSection
	GlobalSection(ExtensibilityGlobals) = postSolution
		SolutionGuid = {E55C3127-F434-4FA9-BB59-D12495950224}
	EndGlobalSection
EndGlobal
