
Microsoft Visual Studio Solution File, Format Version 12.00
# Visual Studio Version 17
VisualStudioVersion = 17.7.34024.191
MinimumVisualStudioVersion = 10.0.40219.1
Project("{FAE04EC0-301F-11D3-BF4B-00C04F79EFBC}") = "ConsoleAppPart1Assignment", "ConsoleAppPart1Assignment\ConsoleAppPart1Assignment.csproj", "{7952AE6B-4DA4-4B38-AAF0-2F79617721D6}"
EndProject
Global
	GlobalSection(SolutionConfigurationPlatforms) = preSolution
		Debug|Any CPU = Debug|Any CPU
		Release|Any CPU = Release|Any CPU
	EndGlobalSection
	GlobalSection(ProjectConfigurationPlatforms) = postSolution
		{7952AE6B-4DA4-4B38-AAF0-2F79617721D6}.Debug|Any CPU.ActiveCfg = Debug|Any CPU
		{7952AE6B-4DA4-4B38-AAF0-2F79617721D6}.Debug|Any CPU.Build.0 = Debug|Any CPU
		{7952AE6B-4DA4-4B38-AAF0-2F79617721D6}.Release|Any CPU.ActiveCfg = Release|Any CPU
		{7952AE6B-4DA4-4B38-AAF0-2F79617721D6}.Release|Any CPU.Build.0 = Release|Any CPU
	EndGlobalSection
	GlobalSection(SolutionProperties) = preSolution
		HideSolutionNode = FALSE
	EndGlobalSection
	GlobalSection(ExtensibilityGlobals) = postSolution
		SolutionGuid = {9B6E0629-23EF-4EB6-AA3D-2F81D2F198ED}
	EndGlobalSection
EndGlobal
