
Microsoft Visual Studio Solution File, Format Version 12.00
# Visual Studio Version 17
VisualStudioVersion = 17.7.34024.191
MinimumVisualStudioVersion = 10.0.40219.1
Project("{FAE04EC0-301F-11D3-BF4B-00C04F79EFBC}") = "DateTime Submission Assignment", "DateTime Submission Assignment\DateTime Submission Assignment.csproj", "{2BB077BD-6FCA-44E1-BAC5-0DC073974E21}"
EndProject
Global
	GlobalSection(SolutionConfigurationPlatforms) = preSolution
		Debug|Any CPU = Debug|Any CPU
		Release|Any CPU = Release|Any CPU
	EndGlobalSection
	GlobalSection(ProjectConfigurationPlatforms) = postSolution
		{2BB077BD-6FCA-44E1-BAC5-0DC073974E21}.Debug|Any CPU.ActiveCfg = Debug|Any CPU
		{2BB077BD-6FCA-44E1-BAC5-0DC073974E21}.Debug|Any CPU.Build.0 = Debug|Any CPU
		{2BB077BD-6FCA-44E1-BAC5-0DC073974E21}.Release|Any CPU.ActiveCfg = Release|Any CPU
		{2BB077BD-6FCA-44E1-BAC5-0DC073974E21}.Release|Any CPU.Build.0 = Release|Any CPU
	EndGlobalSection
	GlobalSection(SolutionProperties) = preSolution
		HideSolutionNode = FALSE
	EndGlobalSection
	GlobalSection(ExtensibilityGlobals) = postSolution
		SolutionGuid = {66E5BD95-F202-4DF8-A75A-4C9BF25FF902}
	EndGlobalSection
EndGlobal
